
Microsoft Visual Studio Solution File, Format Version 12.00
# Visual Studio Version 16
VisualStudioVersion = 16.0.29020.237
MinimumVisualStudioVersion = 10.0.40219.1
Project("{FAE04EC0-301F-11D3-BF4B-00C04F79EFBC}") = "Guess A Number", "Guess A Number\Guess A Number.csproj", "{C6F59B33-154D-47C0-A782-153544804E76}"
EndProject
Global
	GlobalSection(SolutionConfigurationPlatforms) = preSolution
		Debug|Any CPU = Debug|Any CPU
		Release|Any CPU = Release|Any CPU
	EndGlobalSection
	GlobalSection(ProjectConfigurationPlatforms) = postSolution
		{C6F59B33-154D-47C0-A782-153544804E76}.Debug|Any CPU.ActiveCfg = Debug|Any CPU
		{C6F59B33-154D-47C0-A782-153544804E76}.Debug|Any CPU.Build.0 = Debug|Any CPU
		{C6F59B33-154D-47C0-A782-153544804E76}.Release|Any CPU.ActiveCfg = Release|Any CPU
		{C6F59B33-154D-47C0-A782-153544804E76}.Release|Any CPU.Build.0 = Release|Any CPU
	EndGlobalSection
	GlobalSection(SolutionProperties) = preSolution
		HideSolutionNode = FALSE
	EndGlobalSection
	GlobalSection(ExtensibilityGlobals) = postSolution
		SolutionGuid = {BB6D113F-4083-4E94-82C6-D3744AF413B5}
	EndGlobalSection
EndGlobal
